
Microsoft Visual Studio Solution File, Format Version 12.00
# Visual Studio Version 17
VisualStudioVersion = 17.3.32825.248
MinimumVisualStudioVersion = 10.0.40219.1
Project("{8BC9CEB8-8B4A-11D0-8D11-00A0C91BC942}") = "PrintInReverse", "PrintInReverse.vcxproj", "{D777BEC2-4A83-4028-922F-E44264020E6C}"
EndProject
Global
	GlobalSection(SolutionConfigurationPlatforms) = preSolution
		Debug|x64 = Debug|x64
		Debug|x86 = Debug|x86
		Release|x64 = Release|x64
		Release|x86 = Release|x86
	EndGlobalSection
	GlobalSection(ProjectConfigurationPlatforms) = postSolution
		{D777BEC2-4A83-4028-922F-E44264020E6C}.Debug|x64.ActiveCfg = Debug|x64
		{D777BEC2-4A83-4028-922F-E44264020E6C}.Debug|x64.Build.0 = Debug|x64
		{D777BEC2-4A83-4028-922F-E44264020E6C}.Debug|x86.ActiveCfg = Debug|Win32
		{D777BEC2-4A83-4028-922F-E44264020E6C}.Debug|x86.Build.0 = Debug|Win32
		{D777BEC2-4A83-4028-922F-E44264020E6C}.Release|x64.ActiveCfg = Release|x64
		{D777BEC2-4A83-4028-922F-E44264020E6C}.Release|x64.Build.0 = Release|x64
		{D777BEC2-4A83-4028-922F-E44264020E6C}.Release|x86.ActiveCfg = Release|Win32
		{D777BEC2-4A83-4028-922F-E44264020E6C}.Release|x86.Build.0 = Release|Win32
	EndGlobalSection
	GlobalSection(SolutionProperties) = preSolution
		HideSolutionNode = FALSE
	EndGlobalSection
	GlobalSection(ExtensibilityGlobals) = postSolution
		SolutionGuid = {153E0B6E-89FB-43D9-8EBE-5373B4570742}
	EndGlobalSection
EndGlobal
